
Microsoft Visual Studio Solution File, Format Version 12.00
# Visual Studio Version 17
VisualStudioVersion = 17.3.32804.467
MinimumVisualStudioVersion = 10.0.40219.1
Project("{FAE04EC0-301F-11D3-BF4B-00C04F79EFBC}") = "PYP-VCard", "PYP-VCard\PYP-VCard.csproj", "{34A8F5D7-41B5-4D3B-B3B0-DF357B6D7FCF}"
EndProject
Global
	GlobalSection(SolutionConfigurationPlatforms) = preSolution
		Debug|Any CPU = Debug|Any CPU
		Release|Any CPU = Release|Any CPU
	EndGlobalSection
	GlobalSection(ProjectConfigurationPlatforms) = postSolution
		{34A8F5D7-41B5-4D3B-B3B0-DF357B6D7FCF}.Debug|Any CPU.ActiveCfg = Debug|Any CPU
		{34A8F5D7-41B5-4D3B-B3B0-DF357B6D7FCF}.Debug|Any CPU.Build.0 = Debug|Any CPU
		{34A8F5D7-41B5-4D3B-B3B0-DF357B6D7FCF}.Release|Any CPU.ActiveCfg = Release|Any CPU
		{34A8F5D7-41B5-4D3B-B3B0-DF357B6D7FCF}.Release|Any CPU.Build.0 = Release|Any CPU
	EndGlobalSection
	GlobalSection(SolutionProperties) = preSolution
		HideSolutionNode = FALSE
	EndGlobalSection
	GlobalSection(ExtensibilityGlobals) = postSolution
		SolutionGuid = {76EAC328-0BA9-4597-A229-BC835F4CC3D9}
	EndGlobalSection
EndGlobal
